
Microsoft Visual Studio Solution File, Format Version 12.00
# Visual Studio 15
VisualStudioVersion = 15.0.26730.12
MinimumVisualStudioVersion = 10.0.40219.1
Project("{FAE04EC0-301F-11D3-BF4B-00C04F79EFBC}") = "Etg.Yams", "src\Etg.Yams\Etg.Yams.csproj", "{E1A6854F-6C0D-4F93-9B8D-D6981727D15B}"
EndProject
Project("{2150E333-8FDC-42A3-9474-1A3956D46DE8}") = "Test", "Test", "{2A52BDC8-4B16-43FE-9E9D-A7D0A72C17C8}"
EndProject
Project("{FAE04EC0-301F-11D3-BF4B-00C04F79EFBC}") = "AzureTestUtils", "test\AzureTestUtils\AzureTestUtils.csproj", "{84C08621-2C78-4B19-9454-7B9019E68326}"
EndProject
Project("{FAE04EC0-301F-11D3-BF4B-00C04F79EFBC}") = "HangingProcess", "test\HangingProcess\HangingProcess.csproj", "{1DD27CAF-AC19-4674-A42B-F15260929BAF}"
EndProject
Project("{FAE04EC0-301F-11D3-BF4B-00C04F79EFBC}") = "SuicidalProcess", "test\SuicidalProcess\SuicidalProcess.csproj", "{80A3B3BD-8D2F-471A-A198-576772FAA048}"
EndProject
Project("{FAE04EC0-301F-11D3-BF4B-00C04F79EFBC}") = "TestProcess", "test\TestProcess\TestProcess.csproj", "{AEAEE225-1080-4CC9-8BA8-9F7580ED1B9B}"
EndProject
Project("{FAE04EC0-301F-11D3-BF4B-00C04F79EFBC}") = "Etg.Yams.Core.Test", "test\Etg.Yams.Core.Test\Etg.Yams.Core.Test.csproj", "{98B0AE89-5D42-4366-9C0E-9392737E36AC}"
EndProject
Project("{2150E333-8FDC-42A3-9474-1A3956D46DE8}") = "source", "source", "{5925E681-1BEA-456D-B9E0-CA175ABBFA9D}"
EndProject
Project("{FAE04EC0-301F-11D3-BF4B-00C04F79EFBC}") = "AzureBlobStorageDeploymentRepository", "src\AzureBlobStorageDeploymentRepository\AzureBlobStorageDeploymentRepository.csproj", "{DF95A9DC-F6BE-4C71-B444-4092B43EB602}"
EndProject
Project("{FAE04EC0-301F-11D3-BF4B-00C04F79EFBC}") = "Common", "src\Common\Common.csproj", "{3E982150-5B43-44DA-8D96-66CF07A9A14C}"
EndProject
Project("{FAE04EC0-301F-11D3-BF4B-00C04F79EFBC}") = "AzureUtils", "src\AzureUtils\AzureUtils.csproj", "{1C890E49-5A9B-4EAB-9F69-6A6E78D82610}"
EndProject
Project("{FAE04EC0-301F-11D3-BF4B-00C04F79EFBC}") = "AzureBlobStorageUpdateSession", "src\AzureBlobStorageUpdateSession\AzureBlobStorageUpdateSession.csproj", "{894B7986-5AA4-42A7-8EB0-6DFD1F604505}"
EndProject
Project("{FAE04EC0-301F-11D3-BF4B-00C04F79EFBC}") = "AzureBlobStorageUpdateSessionTest", "test\AzureBlobStorageUpdateSessionTest\AzureBlobStorageUpdateSessionTest.csproj", "{9C0602C2-00DD-43F4-B274-6598AF33C00A}"
EndProject
Project("{FAE04EC0-301F-11D3-BF4B-00C04F79EFBC}") = "TestUtils", "test\TestUtils\TestUtils.csproj", "{C25452E1-AFF2-4579-B6B4-F040CAD02FDA}"
EndProject
Project("{FAE04EC0-301F-11D3-BF4B-00C04F79EFBC}") = "AzureBlobStorageDeploymentRepositoryTest", "test\AzureBlobStorageDeploymentRepositoryTest\AzureBlobStorageDeploymentRepositoryTest.csproj", "{E66F281C-BD50-45B0-AAEF-FB87E4C9D0CC}"
EndProject
Project("{FAE04EC0-301F-11D3-BF4B-00C04F79EFBC}") = "AzureUtilsTest", "test\AzureUtilsTest\AzureUtilsTest.csproj", "{2FE963BD-D826-4CC5-8A63-864CDA212233}"
EndProject
Project("{FAE04EC0-301F-11D3-BF4B-00C04F79EFBC}") = "Etg.Yams.Core", "src\Etg.Yams.Core\Etg.Yams.Core.csproj", "{7145E485-34FA-4632-89B0-BD27C96AF69C}"
EndProject
Project("{FAE04EC0-301F-11D3-BF4B-00C04F79EFBC}") = "Stubs", "test\Stubs\Stubs.csproj", "{68CD41F8-A6C3-4D43-93CA-92E898254CBD}"
EndProject
Project("{FAE04EC0-301F-11D3-BF4B-00C04F79EFBC}") = "MonitorInitProcess", "test\MonitorInitProcess\MonitorInitProcess.csproj", "{BB84CC4C-EB11-4A61-8ED4-791EADAA46E1}"
EndProject
Project("{FAE04EC0-301F-11D3-BF4B-00C04F79EFBC}") = "GracefullShutdownProcess", "test\GracefullShutdownProcess\GracefullShutdownProcess.csproj", "{706E37D7-B148-4734-9695-0D1AE6D4B3D5}"
EndProject
Project("{FAE04EC0-301F-11D3-BF4B-00C04F79EFBC}") = "HeartBeatProcess", "test\HeartBeatProcess\HeartBeatProcess.csproj", "{257044FB-F7A8-499D-8EF2-B5CAD76D617A}"
EndProject
Project("{FAE04EC0-301F-11D3-BF4B-00C04F79EFBC}") = "FullIpcProcess", "test\FullIpcProcess\FullIpcProcess.csproj", "{99F3A36C-7930-4670-A8B3-7137D891671D}"
EndProject
Project("{FAE04EC0-301F-11D3-BF4B-00C04F79EFBC}") = "Etg.Yams.Powershell", "src\Etg.Yams.Powershell\Etg.Yams.Powershell.csproj", "{CDFBE3EE-AFD7-467F-BE9C-F9EAFC7A05CE}"
EndProject
Project("{FAE04EC0-301F-11D3-BF4B-00C04F79EFBC}") = "Etg.Yams.Client", "src\Etg.Yams.Client\Etg.Yams.Client.csproj", "{D4624B9B-67A1-46D5-9468-58995B2720F9}"
EndProject
Project("{FAE04EC0-301F-11D3-BF4B-00C04F79EFBC}") = "Etg.Yams.Ipc", "src\Etg.Yams.Ipc\Etg.Yams.Ipc.csproj", "{C7C03D37-F2D2-4115-8423-86C1BF1B8A18}"
EndProject
Project("{FAE04EC0-301F-11D3-BF4B-00C04F79EFBC}") = "Etg.Yams.Host", "src\Etg.Yams.Host\Etg.Yams.Host.csproj", "{C9A993F7-E3E2-4FDC-AA1E-01348B023D16}"
EndProject
Project("{FAE04EC0-301F-11D3-BF4B-00C04F79EFBC}") = "NugetFeedDeploymentRepository", "src\NugetFeedDeploymentRepository\NugetFeedDeploymentRepository.csproj", "{1110E183-76B6-4C9F-939A-1B9290C3FC72}"
EndProject
Project("{FAE04EC0-301F-11D3-BF4B-00C04F79EFBC}") = "NugetFeedDeploymentRepositoryTest", "test\NugetFeedDeploymentRepositoryTest\NugetFeedDeploymentRepositoryTest.csproj", "{DD0F7C06-394D-41EC-ADB9-5FAA831C27B1}"
EndProject
Global
	GlobalSection(SolutionConfigurationPlatforms) = preSolution
		Debug|Any CPU = Debug|Any CPU
		Release|Any CPU = Release|Any CPU
	EndGlobalSection
	GlobalSection(ProjectConfigurationPlatforms) = postSolution
		{E1A6854F-6C0D-4F93-9B8D-D6981727D15B}.Debug|Any CPU.ActiveCfg = Debug|Any CPU
		{E1A6854F-6C0D-4F93-9B8D-D6981727D15B}.Debug|Any CPU.Build.0 = Debug|Any CPU
		{E1A6854F-6C0D-4F93-9B8D-D6981727D15B}.Release|Any CPU.ActiveCfg = Release|Any CPU
		{E1A6854F-6C0D-4F93-9B8D-D6981727D15B}.Release|Any CPU.Build.0 = Release|Any CPU
		{84C08621-2C78-4B19-9454-7B9019E68326}.Debug|Any CPU.ActiveCfg = Debug|Any CPU
		{84C08621-2C78-4B19-9454-7B9019E68326}.Debug|Any CPU.Build.0 = Debug|Any CPU
		{84C08621-2C78-4B19-9454-7B9019E68326}.Release|Any CPU.ActiveCfg = Release|Any CPU
		{84C08621-2C78-4B19-9454-7B9019E68326}.Release|Any CPU.Build.0 = Release|Any CPU
		{1DD27CAF-AC19-4674-A42B-F15260929BAF}.Debug|Any CPU.ActiveCfg = Debug|Any CPU
		{1DD27CAF-AC19-4674-A42B-F15260929BAF}.Debug|Any CPU.Build.0 = Debug|Any CPU
		{1DD27CAF-AC19-4674-A42B-F15260929BAF}.Release|Any CPU.ActiveCfg = Release|Any CPU
		{1DD27CAF-AC19-4674-A42B-F15260929BAF}.Release|Any CPU.Build.0 = Release|Any CPU
		{80A3B3BD-8D2F-471A-A198-576772FAA048}.Debug|Any CPU.ActiveCfg = Debug|Any CPU
		{80A3B3BD-8D2F-471A-A198-576772FAA048}.Debug|Any CPU.Build.0 = Debug|Any CPU
		{80A3B3BD-8D2F-471A-A198-576772FAA048}.Release|Any CPU.ActiveCfg = Release|Any CPU
		{80A3B3BD-8D2F-471A-A198-576772FAA048}.Release|Any CPU.Build.0 = Release|Any CPU
		{AEAEE225-1080-4CC9-8BA8-9F7580ED1B9B}.Debug|Any CPU.ActiveCfg = Debug|Any CPU
		{AEAEE225-1080-4CC9-8BA8-9F7580ED1B9B}.Debug|Any CPU.Build.0 = Debug|Any CPU
		{AEAEE225-1080-4CC9-8BA8-9F7580ED1B9B}.Release|Any CPU.ActiveCfg = Release|Any CPU
		{AEAEE225-1080-4CC9-8BA8-9F7580ED1B9B}.Release|Any CPU.Build.0 = Release|Any CPU
		{98B0AE89-5D42-4366-9C0E-9392737E36AC}.Debug|Any CPU.ActiveCfg = Debug|Any CPU
		{98B0AE89-5D42-4366-9C0E-9392737E36AC}.Debug|Any CPU.Build.0 = Debug|Any CPU
		{98B0AE89-5D42-4366-9C0E-9392737E36AC}.Release|Any CPU.ActiveCfg = Release|Any CPU
		{98B0AE89-5D42-4366-9C0E-9392737E36AC}.Release|Any CPU.Build.0 = Release|Any CPU
		{DF95A9DC-F6BE-4C71-B444-4092B43EB602}.Debug|Any CPU.ActiveCfg = Debug|Any CPU
		{DF95A9DC-F6BE-4C71-B444-4092B43EB602}.Debug|Any CPU.Build.0 = Debug|Any CPU
		{DF95A9DC-F6BE-4C71-B444-4092B43EB602}.Release|Any CPU.ActiveCfg = Release|Any CPU
		{DF95A9DC-F6BE-4C71-B444-4092B43EB602}.Release|Any CPU.Build.0 = Release|Any CPU
		{3E982150-5B43-44DA-8D96-66CF07A9A14C}.Debug|Any CPU.ActiveCfg = Debug|Any CPU
		{3E982150-5B43-44DA-8D96-66CF07A9A14C}.Debug|Any CPU.Build.0 = Debug|Any CPU
		{3E982150-5B43-44DA-8D96-66CF07A9A14C}.Release|Any CPU.ActiveCfg = Release|Any CPU
		{3E982150-5B43-44DA-8D96-66CF07A9A14C}.Release|Any CPU.Build.0 = Release|Any CPU
		{1C890E49-5A9B-4EAB-9F69-6A6E78D82610}.Debug|Any CPU.ActiveCfg = Debug|Any CPU
		{1C890E49-5A9B-4EAB-9F69-6A6E78D82610}.Debug|Any CPU.Build.0 = Debug|Any CPU
		{1C890E49-5A9B-4EAB-9F69-6A6E78D82610}.Release|Any CPU.ActiveCfg = Release|Any CPU
		{1C890E49-5A9B-4EAB-9F69-6A6E78D82610}.Release|Any CPU.Build.0 = Release|Any CPU
		{894B7986-5AA4-42A7-8EB0-6DFD1F604505}.Debug|Any CPU.ActiveCfg = Debug|Any CPU
		{894B7986-5AA4-42A7-8EB0-6DFD1F604505}.Debug|Any CPU.Build.0 = Debug|Any CPU
		{894B7986-5AA4-42A7-8EB0-6DFD1F604505}.Release|Any CPU.ActiveCfg = Release|Any CPU
		{894B7986-5AA4-42A7-8EB0-6DFD1F604505}.Release|Any CPU.Build.0 = Release|Any CPU
		{9C0602C2-00DD-43F4-B274-6598AF33C00A}.Debug|Any CPU.ActiveCfg = Debug|Any CPU
		{9C0602C2-00DD-43F4-B274-6598AF33C00A}.Debug|Any CPU.Build.0 = Debug|Any CPU
		{9C0602C2-00DD-43F4-B274-6598AF33C00A}.Release|Any CPU.ActiveCfg = Release|Any CPU
		{9C0602C2-00DD-43F4-B274-6598AF33C00A}.Release|Any CPU.Build.0 = Release|Any CPU
		{C25452E1-AFF2-4579-B6B4-F040CAD02FDA}.Debug|Any CPU.ActiveCfg = Debug|Any CPU
		{C25452E1-AFF2-4579-B6B4-F040CAD02FDA}.Debug|Any CPU.Build.0 = Debug|Any CPU
		{C25452E1-AFF2-4579-B6B4-F040CAD02FDA}.Release|Any CPU.ActiveCfg = Release|Any CPU
		{C25452E1-AFF2-4579-B6B4-F040CAD02FDA}.Release|Any CPU.Build.0 = Release|Any CPU
		{E66F281C-BD50-45B0-AAEF-FB87E4C9D0CC}.Debug|Any CPU.ActiveCfg = Debug|Any CPU
		{E66F281C-BD50-45B0-AAEF-FB87E4C9D0CC}.Debug|Any CPU.Build.0 = Debug|Any CPU
		{E66F281C-BD50-45B0-AAEF-FB87E4C9D0CC}.Release|Any CPU.ActiveCfg = Release|Any CPU
		{E66F281C-BD50-45B0-AAEF-FB87E4C9D0CC}.Release|Any CPU.Build.0 = Release|Any CPU
		{2FE963BD-D826-4CC5-8A63-864CDA212233}.Debug|Any CPU.ActiveCfg = Debug|Any CPU
		{2FE963BD-D826-4CC5-8A63-864CDA212233}.Debug|Any CPU.Build.0 = Debug|Any CPU
		{2FE963BD-D826-4CC5-8A63-864CDA212233}.Release|Any CPU.ActiveCfg = Release|Any CPU
		{2FE963BD-D826-4CC5-8A63-864CDA212233}.Release|Any CPU.Build.0 = Release|Any CPU
		{7145E485-34FA-4632-89B0-BD27C96AF69C}.Debug|Any CPU.ActiveCfg = Debug|Any CPU
		{7145E485-34FA-4632-89B0-BD27C96AF69C}.Debug|Any CPU.Build.0 = Debug|Any CPU
		{7145E485-34FA-4632-89B0-BD27C96AF69C}.Release|Any CPU.ActiveCfg = Release|Any CPU
		{7145E485-34FA-4632-89B0-BD27C96AF69C}.Release|Any CPU.Build.0 = Release|Any CPU
		{68CD41F8-A6C3-4D43-93CA-92E898254CBD}.Debug|Any CPU.ActiveCfg = Debug|Any CPU
		{68CD41F8-A6C3-4D43-93CA-92E898254CBD}.Debug|Any CPU.Build.0 = Debug|Any CPU
		{68CD41F8-A6C3-4D43-93CA-92E898254CBD}.Release|Any CPU.ActiveCfg = Release|Any CPU
		{68CD41F8-A6C3-4D43-93CA-92E898254CBD}.Release|Any CPU.Build.0 = Release|Any CPU
		{BB84CC4C-EB11-4A61-8ED4-791EADAA46E1}.Debug|Any CPU.ActiveCfg = Debug|Any CPU
		{BB84CC4C-EB11-4A61-8ED4-791EADAA46E1}.Debug|Any CPU.Build.0 = Debug|Any CPU
		{BB84CC4C-EB11-4A61-8ED4-791EADAA46E1}.Release|Any CPU.ActiveCfg = Release|Any CPU
		{BB84CC4C-EB11-4A61-8ED4-791EADAA46E1}.Release|Any CPU.Build.0 = Release|Any CPU
		{706E37D7-B148-4734-9695-0D1AE6D4B3D5}.Debug|Any CPU.ActiveCfg = Debug|Any CPU
		{706E37D7-B148-4734-9695-0D1AE6D4B3D5}.Debug|Any CPU.Build.0 = Debug|Any CPU
		{706E37D7-B148-4734-9695-0D1AE6D4B3D5}.Release|Any CPU.ActiveCfg = Release|Any CPU
		{706E37D7-B148-4734-9695-0D1AE6D4B3D5}.Release|Any CPU.Build.0 = Release|Any CPU
		{257044FB-F7A8-499D-8EF2-B5CAD76D617A}.Debug|Any CPU.ActiveCfg = Debug|Any CPU
		{257044FB-F7A8-499D-8EF2-B5CAD76D617A}.Debug|Any CPU.Build.0 = Debug|Any CPU
		{257044FB-F7A8-499D-8EF2-B5CAD76D617A}.Release|Any CPU.ActiveCfg = Release|Any CPU
		{257044FB-F7A8-499D-8EF2-B5CAD76D617A}.Release|Any CPU.Build.0 = Release|Any CPU
		{99F3A36C-7930-4670-A8B3-7137D891671D}.Debug|Any CPU.ActiveCfg = Debug|Any CPU
		{99F3A36C-7930-4670-A8B3-7137D891671D}.Debug|Any CPU.Build.0 = Debug|Any CPU
		{99F3A36C-7930-4670-A8B3-7137D891671D}.Release|Any CPU.ActiveCfg = Release|Any CPU
		{99F3A36C-7930-4670-A8B3-7137D891671D}.Release|Any CPU.Build.0 = Release|Any CPU
		{CDFBE3EE-AFD7-467F-BE9C-F9EAFC7A05CE}.Debug|Any CPU.ActiveCfg = Debug|Any CPU
		{CDFBE3EE-AFD7-467F-BE9C-F9EAFC7A05CE}.Debug|Any CPU.Build.0 = Debug|Any CPU
		{CDFBE3EE-AFD7-467F-BE9C-F9EAFC7A05CE}.Release|Any CPU.ActiveCfg = Release|Any CPU
		{CDFBE3EE-AFD7-467F-BE9C-F9EAFC7A05CE}.Release|Any CPU.Build.0 = Release|Any CPU
		{D4624B9B-67A1-46D5-9468-58995B2720F9}.Debug|Any CPU.ActiveCfg = Debug|Any CPU
		{D4624B9B-67A1-46D5-9468-58995B2720F9}.Debug|Any CPU.Build.0 = Debug|Any CPU
		{D4624B9B-67A1-46D5-9468-58995B2720F9}.Release|Any CPU.ActiveCfg = Release|Any CPU
		{D4624B9B-67A1-46D5-9468-58995B2720F9}.Release|Any CPU.Build.0 = Release|Any CPU
		{C7C03D37-F2D2-4115-8423-86C1BF1B8A18}.Debug|Any CPU.ActiveCfg = Debug|Any CPU
		{C7C03D37-F2D2-4115-8423-86C1BF1B8A18}.Debug|Any CPU.Build.0 = Debug|Any CPU
		{C7C03D37-F2D2-4115-8423-86C1BF1B8A18}.Release|Any CPU.ActiveCfg = Release|Any CPU
		{C7C03D37-F2D2-4115-8423-86C1BF1B8A18}.Release|Any CPU.Build.0 = Release|Any CPU
		{C9A993F7-E3E2-4FDC-AA1E-01348B023D16}.Debug|Any CPU.ActiveCfg = Debug|Any CPU
		{C9A993F7-E3E2-4FDC-AA1E-01348B023D16}.Debug|Any CPU.Build.0 = Debug|Any CPU
		{C9A993F7-E3E2-4FDC-AA1E-01348B023D16}.Release|Any CPU.ActiveCfg = Release|Any CPU
		{C9A993F7-E3E2-4FDC-AA1E-01348B023D16}.Release|Any CPU.Build.0 = Release|Any CPU
		{1110E183-76B6-4C9F-939A-1B9290C3FC72}.Debug|Any CPU.ActiveCfg = Debug|Any CPU
		{1110E183-76B6-4C9F-939A-1B9290C3FC72}.Debug|Any CPU.Build.0 = Debug|Any CPU
		{1110E183-76B6-4C9F-939A-1B9290C3FC72}.Release|Any CPU.ActiveCfg = Release|Any CPU
		{1110E183-76B6-4C9F-939A-1B9290C3FC72}.Release|Any CPU.Build.0 = Release|Any CPU
		{DD0F7C06-394D-41EC-ADB9-5FAA831C27B1}.Debug|Any CPU.ActiveCfg = Debug|Any CPU
		{DD0F7C06-394D-41EC-ADB9-5FAA831C27B1}.Debug|Any CPU.Build.0 = Debug|Any CPU
		{DD0F7C06-394D-41EC-ADB9-5FAA831C27B1}.Release|Any CPU.ActiveCfg = Release|Any CPU
		{DD0F7C06-394D-41EC-ADB9-5FAA831C27B1}.Release|Any CPU.Build.0 = Release|Any CPU
	EndGlobalSection
	GlobalSection(SolutionProperties) = preSolution
		HideSolutionNode = FALSE
	EndGlobalSection
	GlobalSection(NestedProjects) = preSolution
		{E1A6854F-6C0D-4F93-9B8D-D6981727D15B} = {5925E681-1BEA-456D-B9E0-CA175ABBFA9D}
		{84C08621-2C78-4B19-9454-7B9019E68326} = {2A52BDC8-4B16-43FE-9E9D-A7D0A72C17C8}
		{1DD27CAF-AC19-4674-A42B-F15260929BAF} = {2A52BDC8-4B16-43FE-9E9D-A7D0A72C17C8}
		{80A3B3BD-8D2F-471A-A198-576772FAA048} = {2A52BDC8-4B16-43FE-9E9D-A7D0A72C17C8}
		{AEAEE225-1080-4CC9-8BA8-9F7580ED1B9B} = {2A52BDC8-4B16-43FE-9E9D-A7D0A72C17C8}
		{98B0AE89-5D42-4366-9C0E-9392737E36AC} = {2A52BDC8-4B16-43FE-9E9D-A7D0A72C17C8}
		{DF95A9DC-F6BE-4C71-B444-4092B43EB602} = {5925E681-1BEA-456D-B9E0-CA175ABBFA9D}
		{3E982150-5B43-44DA-8D96-66CF07A9A14C} = {5925E681-1BEA-456D-B9E0-CA175ABBFA9D}
		{1C890E49-5A9B-4EAB-9F69-6A6E78D82610} = {5925E681-1BEA-456D-B9E0-CA175ABBFA9D}
		{894B7986-5AA4-42A7-8EB0-6DFD1F604505} = {5925E681-1BEA-456D-B9E0-CA175ABBFA9D}
		{9C0602C2-00DD-43F4-B274-6598AF33C00A} = {2A52BDC8-4B16-43FE-9E9D-A7D0A72C17C8}
		{C25452E1-AFF2-4579-B6B4-F040CAD02FDA} = {2A52BDC8-4B16-43FE-9E9D-A7D0A72C17C8}
		{E66F281C-BD50-45B0-AAEF-FB87E4C9D0CC} = {2A52BDC8-4B16-43FE-9E9D-A7D0A72C17C8}
		{2FE963BD-D826-4CC5-8A63-864CDA212233} = {2A52BDC8-4B16-43FE-9E9D-A7D0A72C17C8}
		{7145E485-34FA-4632-89B0-BD27C96AF69C} = {5925E681-1BEA-456D-B9E0-CA175ABBFA9D}
		{68CD41F8-A6C3-4D43-93CA-92E898254CBD} = {2A52BDC8-4B16-43FE-9E9D-A7D0A72C17C8}
		{BB84CC4C-EB11-4A61-8ED4-791EADAA46E1} = {2A52BDC8-4B16-43FE-9E9D-A7D0A72C17C8}
		{706E37D7-B148-4734-9695-0D1AE6D4B3D5} = {2A52BDC8-4B16-43FE-9E9D-A7D0A72C17C8}
		{257044FB-F7A8-499D-8EF2-B5CAD76D617A} = {2A52BDC8-4B16-43FE-9E9D-A7D0A72C17C8}
		{99F3A36C-7930-4670-A8B3-7137D891671D} = {2A52BDC8-4B16-43FE-9E9D-A7D0A72C17C8}
		{CDFBE3EE-AFD7-467F-BE9C-F9EAFC7A05CE} = {5925E681-1BEA-456D-B9E0-CA175ABBFA9D}
		{D4624B9B-67A1-46D5-9468-58995B2720F9} = {5925E681-1BEA-456D-B9E0-CA175ABBFA9D}
		{C7C03D37-F2D2-4115-8423-86C1BF1B8A18} = {5925E681-1BEA-456D-B9E0-CA175ABBFA9D}
		{C9A993F7-E3E2-4FDC-AA1E-01348B023D16} = {5925E681-1BEA-456D-B9E0-CA175ABBFA9D}
		{1110E183-76B6-4C9F-939A-1B9290C3FC72} = {5925E681-1BEA-456D-B9E0-CA175ABBFA9D}
		{DD0F7C06-394D-41EC-ADB9-5FAA831C27B1} = {2A52BDC8-4B16-43FE-9E9D-A7D0A72C17C8}
	EndGlobalSection
	GlobalSection(ExtensibilityGlobals) = postSolution
		EnterpriseLibraryConfigurationToolBinariesPathV6 = packages\EnterpriseLibrary.TransientFaultHandling.6.0.1304.0\lib\portable-net45+win+wp8
		SolutionGuid = {7A9645D4-78F9-451C-B788-6EC41CA3BF59}
	EndGlobalSection
EndGlobal
