
Microsoft Visual Studio Solution File, Format Version 12.00
# Visual Studio 14
VisualStudioVersion = 14.0.24720.0
MinimumVisualStudioVersion = 10.0.40219.1
Project("{FAE04EC0-301F-11D3-BF4B-00C04F79EFBC}") = "Etg.Yams", "src\Etg.Yams\Etg.Yams.csproj", "{E1A6854F-6C0D-4F93-9B8D-D6981727D15B}"
EndProject
Project("{2150E333-8FDC-42A3-9474-1A3956D46DE8}") = "Test", "Test", "{2A52BDC8-4B16-43FE-9E9D-A7D0A72C17C8}"
EndProject
Project("{FAE04EC0-301F-11D3-BF4B-00C04F79EFBC}") = "AzureTestUtils", "test\AzureTestUtils\AzureTestUtils.csproj", "{84C08621-2C78-4B19-9454-7B9019E68326}"
EndProject
Project("{FAE04EC0-301F-11D3-BF4B-00C04F79EFBC}") = "HangingProcess", "test\HangingProcess\HangingProcess.csproj", "{1DD27CAF-AC19-4674-A42B-F15260929BAF}"
EndProject
Project("{FAE04EC0-301F-11D3-BF4B-00C04F79EFBC}") = "SuicidalProcess", "test\SuicidalProcess\SuicidalProcess.csproj", "{80A3B3BD-8D2F-471A-A198-576772FAA048}"
EndProject
Project("{FAE04EC0-301F-11D3-BF4B-00C04F79EFBC}") = "TestProcess", "test\TestProcess\TestProcess.csproj", "{AEAEE225-1080-4CC9-8BA8-9F7580ED1B9B}"
EndProject
Project("{FAE04EC0-301F-11D3-BF4B-00C04F79EFBC}") = "Etg.Yams.Test", "test\Etg.Yams.Test\Etg.Yams.Test.csproj", "{98B0AE89-5D42-4366-9C0E-9392737E36AC}"
EndProject
Project("{2150E333-8FDC-42A3-9474-1A3956D46DE8}") = "source", "source", "{5925E681-1BEA-456D-B9E0-CA175ABBFA9D}"
EndProject
Global
	GlobalSection(SolutionConfigurationPlatforms) = preSolution
		Debug|Any CPU = Debug|Any CPU
		Release|Any CPU = Release|Any CPU
	EndGlobalSection
	GlobalSection(ProjectConfigurationPlatforms) = postSolution
		{E1A6854F-6C0D-4F93-9B8D-D6981727D15B}.Debug|Any CPU.ActiveCfg = Debug|Any CPU
		{E1A6854F-6C0D-4F93-9B8D-D6981727D15B}.Debug|Any CPU.Build.0 = Debug|Any CPU
		{E1A6854F-6C0D-4F93-9B8D-D6981727D15B}.Release|Any CPU.ActiveCfg = Release|Any CPU
		{E1A6854F-6C0D-4F93-9B8D-D6981727D15B}.Release|Any CPU.Build.0 = Release|Any CPU
		{84C08621-2C78-4B19-9454-7B9019E68326}.Debug|Any CPU.ActiveCfg = Debug|Any CPU
		{84C08621-2C78-4B19-9454-7B9019E68326}.Debug|Any CPU.Build.0 = Debug|Any CPU
		{84C08621-2C78-4B19-9454-7B9019E68326}.Release|Any CPU.ActiveCfg = Release|Any CPU
		{84C08621-2C78-4B19-9454-7B9019E68326}.Release|Any CPU.Build.0 = Release|Any CPU
		{1DD27CAF-AC19-4674-A42B-F15260929BAF}.Debug|Any CPU.ActiveCfg = Debug|Any CPU
		{1DD27CAF-AC19-4674-A42B-F15260929BAF}.Debug|Any CPU.Build.0 = Debug|Any CPU
		{1DD27CAF-AC19-4674-A42B-F15260929BAF}.Release|Any CPU.ActiveCfg = Release|Any CPU
		{1DD27CAF-AC19-4674-A42B-F15260929BAF}.Release|Any CPU.Build.0 = Release|Any CPU
		{80A3B3BD-8D2F-471A-A198-576772FAA048}.Debug|Any CPU.ActiveCfg = Debug|Any CPU
		{80A3B3BD-8D2F-471A-A198-576772FAA048}.Debug|Any CPU.Build.0 = Debug|Any CPU
		{80A3B3BD-8D2F-471A-A198-576772FAA048}.Release|Any CPU.ActiveCfg = Release|Any CPU
		{80A3B3BD-8D2F-471A-A198-576772FAA048}.Release|Any CPU.Build.0 = Release|Any CPU
		{AEAEE225-1080-4CC9-8BA8-9F7580ED1B9B}.Debug|Any CPU.ActiveCfg = Debug|Any CPU
		{AEAEE225-1080-4CC9-8BA8-9F7580ED1B9B}.Debug|Any CPU.Build.0 = Debug|Any CPU
		{AEAEE225-1080-4CC9-8BA8-9F7580ED1B9B}.Release|Any CPU.ActiveCfg = Release|Any CPU
		{AEAEE225-1080-4CC9-8BA8-9F7580ED1B9B}.Release|Any CPU.Build.0 = Release|Any CPU
		{98B0AE89-5D42-4366-9C0E-9392737E36AC}.Debug|Any CPU.ActiveCfg = Debug|Any CPU
		{98B0AE89-5D42-4366-9C0E-9392737E36AC}.Debug|Any CPU.Build.0 = Debug|Any CPU
		{98B0AE89-5D42-4366-9C0E-9392737E36AC}.Release|Any CPU.ActiveCfg = Release|Any CPU
		{98B0AE89-5D42-4366-9C0E-9392737E36AC}.Release|Any CPU.Build.0 = Release|Any CPU
	EndGlobalSection
	GlobalSection(SolutionProperties) = preSolution
		HideSolutionNode = FALSE
	EndGlobalSection
	GlobalSection(NestedProjects) = preSolution
		{E1A6854F-6C0D-4F93-9B8D-D6981727D15B} = {5925E681-1BEA-456D-B9E0-CA175ABBFA9D}
		{84C08621-2C78-4B19-9454-7B9019E68326} = {2A52BDC8-4B16-43FE-9E9D-A7D0A72C17C8}
		{1DD27CAF-AC19-4674-A42B-F15260929BAF} = {2A52BDC8-4B16-43FE-9E9D-A7D0A72C17C8}
		{80A3B3BD-8D2F-471A-A198-576772FAA048} = {2A52BDC8-4B16-43FE-9E9D-A7D0A72C17C8}
		{AEAEE225-1080-4CC9-8BA8-9F7580ED1B9B} = {2A52BDC8-4B16-43FE-9E9D-A7D0A72C17C8}
		{98B0AE89-5D42-4366-9C0E-9392737E36AC} = {2A52BDC8-4B16-43FE-9E9D-A7D0A72C17C8}
	EndGlobalSection
EndGlobal
